
Microsoft Visual Studio Solution File, Format Version 12.00
# Visual Studio Version 17
VisualStudioVersion = 17.6.33801.468
MinimumVisualStudioVersion = 10.0.40219.1
Project("{FAE04EC0-301F-11D3-BF4B-00C04F79EFBC}") = "Lab_6", "Lab_6\Lab_6.csproj", "{8575A544-331F-4E5C-BB22-EA395043A171}"
EndProject
Global
	GlobalSection(SolutionConfigurationPlatforms) = preSolution
		Debug|Any CPU = Debug|Any CPU
		Release|Any CPU = Release|Any CPU
	EndGlobalSection
	GlobalSection(ProjectConfigurationPlatforms) = postSolution
		{8575A544-331F-4E5C-BB22-EA395043A171}.Debug|Any CPU.ActiveCfg = Debug|Any CPU
		{8575A544-331F-4E5C-BB22-EA395043A171}.Debug|Any CPU.Build.0 = Debug|Any CPU
		{8575A544-331F-4E5C-BB22-EA395043A171}.Release|Any CPU.ActiveCfg = Release|Any CPU
		{8575A544-331F-4E5C-BB22-EA395043A171}.Release|Any CPU.Build.0 = Release|Any CPU
	EndGlobalSection
	GlobalSection(SolutionProperties) = preSolution
		HideSolutionNode = FALSE
	EndGlobalSection
	GlobalSection(ExtensibilityGlobals) = postSolution
		SolutionGuid = {FCAF45F3-0641-43C4-BD9C-4F71F83F2BBD}
	EndGlobalSection
EndGlobal
